
Microsoft Visual Studio Solution File, Format Version 12.00
# Visual Studio Version 17
VisualStudioVersion = 17.0.31903.59
MinimumVisualStudioVersion = 10.0.40219.1
Project("{9A19103F-16F7-4668-BE54-9A1E7A4F7556}") = "P04WeatherForecastAPI.Client", "P04WeatherForecastAPI.Client\P04WeatherForecastAPI.Client.csproj", "{6BBDE3E2-F56F-4FD3-8C52-7D610F9E7969}"
EndProject
Project("{9A19103F-16F7-4668-BE54-9A1E7A4F7556}") = "P05Shop.API", "P05Shop.API\P05Shop.API.csproj", "{BB897B37-BA6D-4D25-809F-607BAE5157F4}"
EndProject
Project("{9A19103F-16F7-4668-BE54-9A1E7A4F7556}") = "P06Shop.Shared", "P06Shop.Shared\P06Shop.Shared.csproj", "{DAC5AC99-2E20-4D74-B0D8-0DB8390C345F}"
EndProject
Project("{2150E333-8FDC-42A3-9474-1A3956D46DE8}") = "Solution Items", "Solution Items", "{C7800B3F-9736-4AB1-9B29-D529EC41BB7A}"
	ProjectSection(SolutionItems) = preProject
		Podsumowanie.txt = Podsumowanie.txt
		Shop.API.postman_collection.json = Shop.API.postman_collection.json
	EndProjectSection
EndProject
Project("{9A19103F-16F7-4668-BE54-9A1E7A4F7556}") = "P07Shop.DataSeeder", "P07Shop.DataSeeder\P07Shop.DataSeeder.csproj", "{4D04AEBB-640C-4FBC-BCD0-635E02163994}"
EndProject
Global
	GlobalSection(SolutionConfigurationPlatforms) = preSolution
		Debug|Any CPU = Debug|Any CPU
		Release|Any CPU = Release|Any CPU
	EndGlobalSection
	GlobalSection(ProjectConfigurationPlatforms) = postSolution
		{6BBDE3E2-F56F-4FD3-8C52-7D610F9E7969}.Debug|Any CPU.ActiveCfg = Debug|Any CPU
		{6BBDE3E2-F56F-4FD3-8C52-7D610F9E7969}.Debug|Any CPU.Build.0 = Debug|Any CPU
		{6BBDE3E2-F56F-4FD3-8C52-7D610F9E7969}.Release|Any CPU.ActiveCfg = Release|Any CPU
		{6BBDE3E2-F56F-4FD3-8C52-7D610F9E7969}.Release|Any CPU.Build.0 = Release|Any CPU
		{BB897B37-BA6D-4D25-809F-607BAE5157F4}.Debug|Any CPU.ActiveCfg = Debug|Any CPU
		{BB897B37-BA6D-4D25-809F-607BAE5157F4}.Debug|Any CPU.Build.0 = Debug|Any CPU
		{BB897B37-BA6D-4D25-809F-607BAE5157F4}.Release|Any CPU.ActiveCfg = Release|Any CPU
		{BB897B37-BA6D-4D25-809F-607BAE5157F4}.Release|Any CPU.Build.0 = Release|Any CPU
		{DAC5AC99-2E20-4D74-B0D8-0DB8390C345F}.Debug|Any CPU.ActiveCfg = Debug|Any CPU
		{DAC5AC99-2E20-4D74-B0D8-0DB8390C345F}.Debug|Any CPU.Build.0 = Debug|Any CPU
		{DAC5AC99-2E20-4D74-B0D8-0DB8390C345F}.Release|Any CPU.ActiveCfg = Release|Any CPU
		{DAC5AC99-2E20-4D74-B0D8-0DB8390C345F}.Release|Any CPU.Build.0 = Release|Any CPU
		{4D04AEBB-640C-4FBC-BCD0-635E02163994}.Debug|Any CPU.ActiveCfg = Debug|Any CPU
		{4D04AEBB-640C-4FBC-BCD0-635E02163994}.Debug|Any CPU.Build.0 = Debug|Any CPU
		{4D04AEBB-640C-4FBC-BCD0-635E02163994}.Release|Any CPU.ActiveCfg = Release|Any CPU
		{4D04AEBB-640C-4FBC-BCD0-635E02163994}.Release|Any CPU.Build.0 = Release|Any CPU
	EndGlobalSection
	GlobalSection(SolutionProperties) = preSolution
		HideSolutionNode = FALSE
	EndGlobalSection
	GlobalSection(ExtensibilityGlobals) = postSolution
		SolutionGuid = {2820B361-2254-4780-8D92-776E9E2D8EAB}
	EndGlobalSection
EndGlobal
