
Microsoft Visual Studio Solution File, Format Version 12.00
# Visual Studio Version 17
VisualStudioVersion = 17.5.002.0
MinimumVisualStudioVersion = 10.0.40219.1
Project("{9A19103F-16F7-4668-BE54-9A1E7A4F7556}") = "P04WeatherForecastAPI.Client", "P04WeatherForecastAPI.Client.csproj", "{15E568F7-5C5F-4FB0-984D-4EF87800489C}"
EndProject
Global
	GlobalSection(SolutionConfigurationPlatforms) = preSolution
		Debug|Any CPU = Debug|Any CPU
		Release|Any CPU = Release|Any CPU
	EndGlobalSection
	GlobalSection(ProjectConfigurationPlatforms) = postSolution
		{15E568F7-5C5F-4FB0-984D-4EF87800489C}.Debug|Any CPU.ActiveCfg = Debug|Any CPU
		{15E568F7-5C5F-4FB0-984D-4EF87800489C}.Debug|Any CPU.Build.0 = Debug|Any CPU
		{15E568F7-5C5F-4FB0-984D-4EF87800489C}.Release|Any CPU.ActiveCfg = Release|Any CPU
		{15E568F7-5C5F-4FB0-984D-4EF87800489C}.Release|Any CPU.Build.0 = Release|Any CPU
	EndGlobalSection
	GlobalSection(SolutionProperties) = preSolution
		HideSolutionNode = FALSE
	EndGlobalSection
	GlobalSection(ExtensibilityGlobals) = postSolution
		SolutionGuid = {97FFBE89-361E-4FDA-BF8A-9B415DF2967C}
	EndGlobalSection
EndGlobal
